<?xml version="1.0" encoding="utf-8"?>
<Project ToolsVersion="4.0" xmlns="http://schemas.microsoft.com/developer/msbuild/2003">
  <ItemGroup>
    <Filter Include="Source Files">
      <UniqueIdentifier>{4FC737F1-C7A5-4376-A066-2A32D752A2FF}</UniqueIdentifier>
      <Extensions>cpp;c;cc;cxx;c++;cppm;ixx;def;odl;idl;hpj;bat;asm;asmx</Extensions>
    </Filter>
    <Filter Include="Header Files">
      <UniqueIdentifier>{93995380-89BD-4b04-88EB-625FBE52EBFB}</UniqueIdentifier>
      <Extensions>h;hh;hpp;hxx;h++;hm;inl;inc;ipp;xsd</Extensions>
    </Filter>
    <Filter Include="Resource Files">
      <UniqueIdentifier>{67DA6AB6-F800-4c08-8B7A-83BB121AAD01}</UniqueIdentifier>
      <Extensions>rc;ico;cur;bmp;dlg;rc2;rct;bin;rgs;gif;jpg;jpeg;jpe;resx;tiff;tif;png;wav;mfcribbon-ms</Extensions>
    </Filter>
    <Filter Include="Header Files\cgltf">
      <UniqueIdentifier>{7f398940-ba0d-4186-ab57-b54cba8cbbfd}</UniqueIdentifier>
    </Filter>
    <Filter Include="Header Files\imgui">
      <UniqueIdentifier>{07635e80-9a4f-4803-ba48-64b4b52be992}</UniqueIdentifier>
    </Filter>
    <Filter Include="Header Files\meshoptimizer">
      <UniqueIdentifier>{49c4b3e3-f1d0-43b7-a63f-370674ecd439}</UniqueIdentifier>
    </Filter>
    <Filter Include="Source Files\imgui">
      <UniqueIdentifier>{33dda9b4-5c29-4247-b3ce-ac32105cb43a}</UniqueIdentifier>
    </Filter>
    <Filter Include="Source Files\meshoptimizer">
      <UniqueIdentifier>{0f05c1e0-d4d4-48e9-b4aa-53d6bf44d30e}</UniqueIdentifier>
    </Filter>
  </ItemGroup>
  <ItemGroup>
    <None Include="packages.config" />
  </ItemGroup>
  <ItemGroup>
    <ClCompile Include="Main.cpp">
      <Filter>Source Files</Filter>
    </ClCompile>
    <ClCompile Include="Render.cpp">
      <Filter>Source Files</Filter>
    </ClCompile>
    <ClCompile Include="Generator.cpp">
      <Filter>Source Files</Filter>
    </ClCompile>
    <ClCompile Include="external\imgui\imgui.cpp">
      <Filter>Source Files\imgui</Filter>
    </ClCompile>
    <ClCompile Include="external\imgui\imgui_draw.cpp">
      <Filter>Source Files\imgui</Filter>
    </ClCompile>
    <ClCompile Include="external\imgui\backends\imgui_impl_dx12.cpp">
      <Filter>Source Files\imgui</Filter>
    </ClCompile>
    <ClCompile Include="external\imgui\backends\imgui_impl_win32.cpp">
      <Filter>Source Files\imgui</Filter>
    </ClCompile>
    <ClCompile Include="external\imgui\imgui_tables.cpp">
      <Filter>Source Files\imgui</Filter>
    </ClCompile>
    <ClCompile Include="external\imgui\imgui_widgets.cpp">
      <Filter>Source Files\imgui</Filter>
    </ClCompile>
    <ClCompile Include="external\meshoptimizer\src\allocator.cpp">
      <Filter>Source Files\meshoptimizer</Filter>
    </ClCompile>
    <ClCompile Include="external\meshoptimizer\src\clusterizer.cpp">
      <Filter>Source Files\meshoptimizer</Filter>
    </ClCompile>
    <ClCompile Include="external\meshoptimizer\src\indexcodec.cpp">
      <Filter>Source Files\meshoptimizer</Filter>
    </ClCompile>
    <ClCompile Include="external\meshoptimizer\src\indexgenerator.cpp">
      <Filter>Source Files\meshoptimizer</Filter>
    </ClCompile>
    <ClCompile Include="external\meshoptimizer\src\overdrawanalyzer.cpp">
      <Filter>Source Files\meshoptimizer</Filter>
    </ClCompile>
    <ClCompile Include="external\meshoptimizer\src\quantization.cpp">
      <Filter>Source Files\meshoptimizer</Filter>
    </ClCompile>
    <ClCompile Include="external\meshoptimizer\src\overdrawoptimizer.cpp">
      <Filter>Source Files\meshoptimizer</Filter>
    </ClCompile>
    <ClCompile Include="external\meshoptimizer\src\simplifier.cpp">
      <Filter>Source Files\meshoptimizer</Filter>
    </ClCompile>
    <ClCompile Include="external\meshoptimizer\src\spatialorder.cpp">
      <Filter>Source Files\meshoptimizer</Filter>
    </ClCompile>
    <ClCompile Include="external\meshoptimizer\src\stripifier.cpp">
      <Filter>Source Files\meshoptimizer</Filter>
    </ClCompile>
    <ClCompile Include="external\meshoptimizer\src\vcacheanalyzer.cpp">
      <Filter>Source Files\meshoptimizer</Filter>
    </ClCompile>
    <ClCompile Include="external\meshoptimizer\src\vcacheoptimizer.cpp">
      <Filter>Source Files\meshoptimizer</Filter>
    </ClCompile>
    <ClCompile Include="external\meshoptimizer\src\vertexcodec.cpp">
      <Filter>Source Files\meshoptimizer</Filter>
    </ClCompile>
    <ClCompile Include="external\meshoptimizer\src\vertexfilter.cpp">
      <Filter>Source Files\meshoptimizer</Filter>
    </ClCompile>
    <ClCompile Include="external\meshoptimizer\src\vfetchanalyzer.cpp">
      <Filter>Source Files\meshoptimizer</Filter>
    </ClCompile>
    <ClCompile Include="external\meshoptimizer\src\vfetchoptimizer.cpp">
      <Filter>Source Files\meshoptimizer</Filter>
    </ClCompile>
  </ItemGroup>
  <ItemGroup>
    <FxCompile Include="VBufferMS.hlsl">
      <Filter>Resource Files</Filter>
    </FxCompile>
    <FxCompile Include="VBufferPS.hlsl">
      <Filter>Resource Files</Filter>
    </FxCompile>
    <FxCompile Include="ShaderCommon.hlsl">
      <Filter>Resource Files</Filter>
    </FxCompile>
    <FxCompile Include="InstanceCulling.hlsl">
      <Filter>Resource Files</Filter>
    </FxCompile>
    <FxCompile Include="ClusterCulling.hlsl">
      <Filter>Resource Files</Filter>
    </FxCompile>
    <FxCompile Include="Material.hlsl">
      <Filter>Resource Files</Filter>
    </FxCompile>
    <FxCompile Include="FrameSetup.hlsl">
      <Filter>Resource Files</Filter>
    </FxCompile>
    <FxCompile Include="WirePS.hlsl">
      <Filter>Resource Files</Filter>
    </FxCompile>
    <FxCompile Include="WireVS.hlsl">
      <Filter>Resource Files</Filter>
    </FxCompile>
    <FxCompile Include="VBufferRayTrace.hlsl">
      <Filter>Resource Files</Filter>
    </FxCompile>
  </ItemGroup>
  <ItemGroup>
    <ClInclude Include="Render.h">
      <Filter>Header Files</Filter>
    </ClInclude>
    <ClInclude Include="Generator.h">
      <Filter>Header Files</Filter>
    </ClInclude>
    <ClInclude Include="Common.h">
      <Filter>Header Files</Filter>
    </ClInclude>
    <ClInclude Include="external\cgltf\cgltf.h">
      <Filter>Header Files\cgltf</Filter>
    </ClInclude>
    <ClInclude Include="external\imgui\imgui.h">
      <Filter>Header Files\imgui</Filter>
    </ClInclude>
    <ClInclude Include="external\imgui\backends\imgui_impl_dx12.h">
      <Filter>Header Files\imgui</Filter>
    </ClInclude>
    <ClInclude Include="external\imgui\backends\imgui_impl_win32.h">
      <Filter>Header Files\imgui</Filter>
    </ClInclude>
    <ClInclude Include="external\imgui\imgui_internal.h">
      <Filter>Header Files\imgui</Filter>
    </ClInclude>
    <ClInclude Include="external\imgui\imstb_rectpack.h">
      <Filter>Header Files\imgui</Filter>
    </ClInclude>
    <ClInclude Include="external\imgui\imstb_textedit.h">
      <Filter>Header Files\imgui</Filter>
    </ClInclude>
    <ClInclude Include="external\imgui\imstb_truetype.h">
      <Filter>Header Files\imgui</Filter>
    </ClInclude>
    <ClInclude Include="external\imgui\imconfig.h">
      <Filter>Header Files\imgui</Filter>
    </ClInclude>
    <ClInclude Include="external\meshoptimizer\src\meshoptimizer.h">
      <Filter>Header Files\meshoptimizer</Filter>
    </ClInclude>
  </ItemGroup>
</Project>